
Microsoft Visual Studio Solution File, Format Version 12.00
# Visual Studio 15
VisualStudioVersion = 15.0.28010.2050
MinimumVisualStudioVersion = 10.0.40219.1
Project("{FAE04EC0-301F-11D3-BF4B-00C04F79EFBC}") = "CPRG102.RentalsDemo1", "CPRG102.RentalsDemo1\CPRG102.RentalsDemo1.csproj", "{9C3F60EA-F749-477E-A2A1-70CA50594750}"
EndProject
Project("{9A19103F-16F7-4668-BE54-9A1E7A4F7556}") = "CPRG102.Rentals.Domain", "CPRG102.Rentals.Domain\CPRG102.Rentals.Domain.csproj", "{62BFAEAE-44E6-4A69-9405-9CEE86316F48}"
EndProject
Global
	GlobalSection(SolutionConfigurationPlatforms) = preSolution
		Debug|Any CPU = Debug|Any CPU
		Release|Any CPU = Release|Any CPU
	EndGlobalSection
	GlobalSection(ProjectConfigurationPlatforms) = postSolution
		{9C3F60EA-F749-477E-A2A1-70CA50594750}.Debug|Any CPU.ActiveCfg = Debug|Any CPU
		{9C3F60EA-F749-477E-A2A1-70CA50594750}.Debug|Any CPU.Build.0 = Debug|Any CPU
		{9C3F60EA-F749-477E-A2A1-70CA50594750}.Release|Any CPU.ActiveCfg = Release|Any CPU
		{9C3F60EA-F749-477E-A2A1-70CA50594750}.Release|Any CPU.Build.0 = Release|Any CPU
		{62BFAEAE-44E6-4A69-9405-9CEE86316F48}.Debug|Any CPU.ActiveCfg = Debug|Any CPU
		{62BFAEAE-44E6-4A69-9405-9CEE86316F48}.Debug|Any CPU.Build.0 = Debug|Any CPU
		{62BFAEAE-44E6-4A69-9405-9CEE86316F48}.Release|Any CPU.ActiveCfg = Release|Any CPU
		{62BFAEAE-44E6-4A69-9405-9CEE86316F48}.Release|Any CPU.Build.0 = Release|Any CPU
	EndGlobalSection
	GlobalSection(SolutionProperties) = preSolution
		HideSolutionNode = FALSE
	EndGlobalSection
	GlobalSection(ExtensibilityGlobals) = postSolution
		SolutionGuid = {4199A81D-7365-470B-BD64-8975C5978E35}
	EndGlobalSection
EndGlobal
