
Microsoft Visual Studio Solution File, Format Version 12.00
# Visual Studio 15
VisualStudioVersion = 15.0.28010.2050
MinimumVisualStudioVersion = 10.0.40219.1
Project("{FAE04EC0-301F-11D3-BF4B-00C04F79EFBC}") = "CPRG102.Rentals.App", "CPRG102.Rentals.App\CPRG102.Rentals.App.csproj", "{A624DEAC-5FB7-4C9D-9565-5ECC110ADC55}"
EndProject
Project("{9A19103F-16F7-4668-BE54-9A1E7A4F7556}") = "CPRG102.Rentals.Domain", "CPRG102.Rentals.Domain\CPRG102.Rentals.Domain.csproj", "{7239E8E8-603B-441A-A8F9-89261D570321}"
EndProject
Global
	GlobalSection(SolutionConfigurationPlatforms) = preSolution
		Debug|Any CPU = Debug|Any CPU
		Release|Any CPU = Release|Any CPU
	EndGlobalSection
	GlobalSection(ProjectConfigurationPlatforms) = postSolution
		{A624DEAC-5FB7-4C9D-9565-5ECC110ADC55}.Debug|Any CPU.ActiveCfg = Debug|Any CPU
		{A624DEAC-5FB7-4C9D-9565-5ECC110ADC55}.Debug|Any CPU.Build.0 = Debug|Any CPU
		{A624DEAC-5FB7-4C9D-9565-5ECC110ADC55}.Release|Any CPU.ActiveCfg = Release|Any CPU
		{A624DEAC-5FB7-4C9D-9565-5ECC110ADC55}.Release|Any CPU.Build.0 = Release|Any CPU
		{7239E8E8-603B-441A-A8F9-89261D570321}.Debug|Any CPU.ActiveCfg = Debug|Any CPU
		{7239E8E8-603B-441A-A8F9-89261D570321}.Debug|Any CPU.Build.0 = Debug|Any CPU
		{7239E8E8-603B-441A-A8F9-89261D570321}.Release|Any CPU.ActiveCfg = Release|Any CPU
		{7239E8E8-603B-441A-A8F9-89261D570321}.Release|Any CPU.Build.0 = Release|Any CPU
	EndGlobalSection
	GlobalSection(SolutionProperties) = preSolution
		HideSolutionNode = FALSE
	EndGlobalSection
	GlobalSection(ExtensibilityGlobals) = postSolution
		SolutionGuid = {B58D8BC7-D519-47B2-AF0F-C286364279D8}
	EndGlobalSection
EndGlobal
