
Microsoft Visual Studio Solution File, Format Version 12.00
# Visual Studio 15
VisualStudioVersion = 15.0.28307.902
MinimumVisualStudioVersion = 10.0.40219.1
Project("{FAE04EC0-301F-11D3-BF4B-00C04F79EFBC}") = "PSI.Data", "PSI.Data\PSI.Data.csproj", "{D73169C7-0F94-448A-B14F-6248AD1A8837}"
EndProject
Project("{9A19103F-16F7-4668-BE54-9A1E7A4F7556}") = "psi-net-api", "psi-net-api\psi-net-api.csproj", "{EB6703B4-15F3-4A1F-BACB-9ADF61E3DE1E}"
EndProject
Project("{FAE04EC0-301F-11D3-BF4B-00C04F79EFBC}") = "PSI.Service", "PSI.Service\PSI.Service.csproj", "{807E494C-1F2C-454E-B256-BA37A4CFE7DA}"
EndProject
Project("{9A19103F-16F7-4668-BE54-9A1E7A4F7556}") = "psi-net-admin", "psi-net-admin\psi-net-admin.csproj", "{63D8240C-A777-4ED2-8DEB-7562D81CB01E}"
EndProject
Global
	GlobalSection(SolutionConfigurationPlatforms) = preSolution
		Debug|Any CPU = Debug|Any CPU
		Release|Any CPU = Release|Any CPU
	EndGlobalSection
	GlobalSection(ProjectConfigurationPlatforms) = postSolution
		{D73169C7-0F94-448A-B14F-6248AD1A8837}.Debug|Any CPU.ActiveCfg = Debug|Any CPU
		{D73169C7-0F94-448A-B14F-6248AD1A8837}.Debug|Any CPU.Build.0 = Debug|Any CPU
		{D73169C7-0F94-448A-B14F-6248AD1A8837}.Release|Any CPU.ActiveCfg = Release|Any CPU
		{D73169C7-0F94-448A-B14F-6248AD1A8837}.Release|Any CPU.Build.0 = Release|Any CPU
		{EB6703B4-15F3-4A1F-BACB-9ADF61E3DE1E}.Debug|Any CPU.ActiveCfg = Debug|Any CPU
		{EB6703B4-15F3-4A1F-BACB-9ADF61E3DE1E}.Debug|Any CPU.Build.0 = Debug|Any CPU
		{EB6703B4-15F3-4A1F-BACB-9ADF61E3DE1E}.Release|Any CPU.ActiveCfg = Release|Any CPU
		{EB6703B4-15F3-4A1F-BACB-9ADF61E3DE1E}.Release|Any CPU.Build.0 = Release|Any CPU
		{807E494C-1F2C-454E-B256-BA37A4CFE7DA}.Debug|Any CPU.ActiveCfg = Debug|Any CPU
		{807E494C-1F2C-454E-B256-BA37A4CFE7DA}.Debug|Any CPU.Build.0 = Debug|Any CPU
		{807E494C-1F2C-454E-B256-BA37A4CFE7DA}.Release|Any CPU.ActiveCfg = Release|Any CPU
		{807E494C-1F2C-454E-B256-BA37A4CFE7DA}.Release|Any CPU.Build.0 = Release|Any CPU
		{63D8240C-A777-4ED2-8DEB-7562D81CB01E}.Debug|Any CPU.ActiveCfg = Debug|Any CPU
		{63D8240C-A777-4ED2-8DEB-7562D81CB01E}.Debug|Any CPU.Build.0 = Debug|Any CPU
		{63D8240C-A777-4ED2-8DEB-7562D81CB01E}.Release|Any CPU.ActiveCfg = Release|Any CPU
		{63D8240C-A777-4ED2-8DEB-7562D81CB01E}.Release|Any CPU.Build.0 = Release|Any CPU
	EndGlobalSection
	GlobalSection(SolutionProperties) = preSolution
		HideSolutionNode = FALSE
	EndGlobalSection
	GlobalSection(ExtensibilityGlobals) = postSolution
		SolutionGuid = {3B68072F-6B3B-47B8-9D88-794169D14948}
	EndGlobalSection
EndGlobal
