
Microsoft Visual Studio Solution File, Format Version 12.00
# Visual Studio 15
VisualStudioVersion = 15.0.28307.902
MinimumVisualStudioVersion = 10.0.40219.1
Project("{9A19103F-16F7-4668-BE54-9A1E7A4F7556}") = "psi-net-api", "psi-net-api\psi-net-api.csproj", "{51DFF82C-4CEA-490D-8D58-D61C1BDEFABD}"
EndProject
Global
	GlobalSection(SolutionConfigurationPlatforms) = preSolution
		Debug|Any CPU = Debug|Any CPU
		Release|Any CPU = Release|Any CPU
	EndGlobalSection
	GlobalSection(ProjectConfigurationPlatforms) = postSolution
		{51DFF82C-4CEA-490D-8D58-D61C1BDEFABD}.Debug|Any CPU.ActiveCfg = Debug|Any CPU
		{51DFF82C-4CEA-490D-8D58-D61C1BDEFABD}.Debug|Any CPU.Build.0 = Debug|Any CPU
		{51DFF82C-4CEA-490D-8D58-D61C1BDEFABD}.Release|Any CPU.ActiveCfg = Release|Any CPU
		{51DFF82C-4CEA-490D-8D58-D61C1BDEFABD}.Release|Any CPU.Build.0 = Release|Any CPU
	EndGlobalSection
	GlobalSection(SolutionProperties) = preSolution
		HideSolutionNode = FALSE
	EndGlobalSection
	GlobalSection(ExtensibilityGlobals) = postSolution
		SolutionGuid = {3B68072F-6B3B-47B8-9D88-794169D14948}
	EndGlobalSection
EndGlobal
