
Microsoft Visual Studio Solution File, Format Version 12.00
# Visual Studio 15
VisualStudioVersion = 15.0.26730.12
MinimumVisualStudioVersion = 10.0.40219.1
Project("{FAE04EC0-301F-11D3-BF4B-00C04F79EFBC}") = "TestMvcCore", "TestMvcCore\TestMvcCore.csproj", "{51AEA3E1-2E3C-4943-BA7E-F664A8081284}"
EndProject
Global
	GlobalSection(SolutionConfigurationPlatforms) = preSolution
		Debug|Any CPU = Debug|Any CPU
		Release|Any CPU = Release|Any CPU
	EndGlobalSection
	GlobalSection(ProjectConfigurationPlatforms) = postSolution
		{51AEA3E1-2E3C-4943-BA7E-F664A8081284}.Debug|Any CPU.ActiveCfg = Debug|Any CPU
		{51AEA3E1-2E3C-4943-BA7E-F664A8081284}.Debug|Any CPU.Build.0 = Debug|Any CPU
		{51AEA3E1-2E3C-4943-BA7E-F664A8081284}.Release|Any CPU.ActiveCfg = Release|Any CPU
		{51AEA3E1-2E3C-4943-BA7E-F664A8081284}.Release|Any CPU.Build.0 = Release|Any CPU
	EndGlobalSection
	GlobalSection(SolutionProperties) = preSolution
		HideSolutionNode = FALSE
	EndGlobalSection
	GlobalSection(ExtensibilityGlobals) = postSolution
		SolutionGuid = {F99A9947-216C-46DE-BC97-F192459C4902}
	EndGlobalSection
EndGlobal
